
Microsoft Visual Studio Solution File, Format Version 12.00
# Visual Studio Version 17
VisualStudioVersion = 17.5.33530.505
MinimumVisualStudioVersion = 10.0.40219.1
Project("{9A19103F-16F7-4668-BE54-9A1E7A4F7556}") = "OEWebApplication", "OEWebApplication\OEWebApplication.csproj", "{53EFEA72-891A-486A-BB8B-45759691E0D5}"
	ProjectSection(ProjectDependencies) = postProject
		{3E7D642D-0650-4B60-8C5B-B9764B5F283A} = {3E7D642D-0650-4B60-8C5B-B9764B5F283A}
	EndProjectSection
EndProject
Project("{9A19103F-16F7-4668-BE54-9A1E7A4F7556}") = "OEWebData", "OEWebData\OEWebData.csproj", "{3E7D642D-0650-4B60-8C5B-B9764B5F283A}"
EndProject
Global
	GlobalSection(SolutionConfigurationPlatforms) = preSolution
		Debug|Any CPU = Debug|Any CPU
		Release|Any CPU = Release|Any CPU
	EndGlobalSection
	GlobalSection(ProjectConfigurationPlatforms) = postSolution
		{53EFEA72-891A-486A-BB8B-45759691E0D5}.Debug|Any CPU.ActiveCfg = Debug|Any CPU
		{53EFEA72-891A-486A-BB8B-45759691E0D5}.Debug|Any CPU.Build.0 = Debug|Any CPU
		{53EFEA72-891A-486A-BB8B-45759691E0D5}.Release|Any CPU.ActiveCfg = Release|Any CPU
		{53EFEA72-891A-486A-BB8B-45759691E0D5}.Release|Any CPU.Build.0 = Release|Any CPU
		{3E7D642D-0650-4B60-8C5B-B9764B5F283A}.Debug|Any CPU.ActiveCfg = Debug|Any CPU
		{3E7D642D-0650-4B60-8C5B-B9764B5F283A}.Debug|Any CPU.Build.0 = Debug|Any CPU
		{3E7D642D-0650-4B60-8C5B-B9764B5F283A}.Release|Any CPU.ActiveCfg = Release|Any CPU
		{3E7D642D-0650-4B60-8C5B-B9764B5F283A}.Release|Any CPU.Build.0 = Release|Any CPU
	EndGlobalSection
	GlobalSection(SolutionProperties) = preSolution
		HideSolutionNode = FALSE
	EndGlobalSection
	GlobalSection(ExtensibilityGlobals) = postSolution
		SolutionGuid = {1D7130EF-183E-4718-A3DE-379C96769426}
	EndGlobalSection
EndGlobal
